
Microsoft Visual Studio Solution File, Format Version 12.00
# Visual Studio Version 16
VisualStudioVersion = 16.0.29102.190
MinimumVisualStudioVersion = 10.0.40219.1
Project("{888888A0-9F3D-457C-B088-3A5042F75D52}") = "rF2headlights", "rF2headlights.pyproj", "{DA54E964-6371-41BF-ACDD-EAE84460B69F}"
EndProject
Global
	GlobalSection(SolutionConfigurationPlatforms) = preSolution
		Debug|Any CPU = Debug|Any CPU
		Release|Any CPU = Release|Any CPU
	EndGlobalSection
	GlobalSection(ProjectConfigurationPlatforms) = postSolution
		{DA54E964-6371-41BF-ACDD-EAE84460B69F}.Debug|Any CPU.ActiveCfg = Debug|Any CPU
		{DA54E964-6371-41BF-ACDD-EAE84460B69F}.Release|Any CPU.ActiveCfg = Release|Any CPU
	EndGlobalSection
	GlobalSection(SolutionProperties) = preSolution
		HideSolutionNode = FALSE
	EndGlobalSection
	GlobalSection(ExtensibilityGlobals) = postSolution
		SolutionGuid = {30362D9B-6262-4536-BCE3-23A3AA250CB4}
	EndGlobalSection
EndGlobal
